// !$*UTF8*$!
{
	archiveVersion = 1;
	classes = {
	};
	objectVersion = 56;
	objects = {

/* Begin PBXBuildFile section */
		27CFDBEE2ACF33450085B01A /* MyIPInfoApp.swift in Sources */ = {isa = PBXBuildFile; fileRef = 27CFDBED2ACF33450085B01A /* MyIPInfoApp.swift */; };
		27CFDBF02ACF33450085B01A /* ContentView.swift in Sources */ = {isa = PBXBuildFile; fileRef = 27CFDBEF2ACF33450085B01A /* ContentView.swift */; };
		27CFDBF22ACF33470085B01A /* Assets.xcassets in Resources */ = {isa = PBXBuildFile; fileRef = 27CFDBF12ACF33470085B01A /* Assets.xcassets */; };
		27CFDBF52ACF33470085B01A /* Preview Assets.xcassets in Resources */ = {isa = PBXBuildFile; fileRef = 27CFDBF42ACF33470085B01A /* Preview Assets.xcassets */; };
		27CFDBFE2ACF33830085B01A /* IPInfoModel.swift in Sources */ = {isa = PBXBuildFile; fileRef = 27CFDBFD2ACF33830085B01A /* IPInfoModel.swift */; };
		27CFDC012ACF34AA0085B01A /* MyIPData.swift in Sources */ = {isa = PBXBuildFile; fileRef = 27CFDC002ACF34AA0085B01A /* MyIPData.swift */; };
		27CFDC042ACF350E0085B01A /* NetworkConstants.swift in Sources */ = {isa = PBXBuildFile; fileRef = 27CFDC032ACF350E0085B01A /* NetworkConstants.swift */; };
		27CFDC232ACFC7370085B01A /* DataLoadingView.swift in Sources */ = {isa = PBXBuildFile; fileRef = 27CFDC222ACFC7370085B01A /* DataLoadingView.swift */; };
		27CFDC252ACFC7A30085B01A /* ErrorLoadingDataView.swift in Sources */ = {isa = PBXBuildFile; fileRef = 27CFDC242ACFC7A30085B01A /* ErrorLoadingDataView.swift */; };
		27CFDC272ACFC8190085B01A /* DataLoadedView.swift in Sources */ = {isa = PBXBuildFile; fileRef = 27CFDC262ACFC8190085B01A /* DataLoadedView.swift */; };
		27CFDC292ACFCDFA0085B01A /* BackgroundView.swift in Sources */ = {isa = PBXBuildFile; fileRef = 27CFDC282ACFCDFA0085B01A /* BackgroundView.swift */; };
/* End PBXBuildFile section */

/* Begin PBXFileReference section */
		27CFDBEA2ACF33450085B01A /* MyIPInfo.app */ = {isa = PBXFileReference; explicitFileType = wrapper.application; includeInIndex = 0; path = MyIPInfo.app; sourceTree = BUILT_PRODUCTS_DIR; };
		27CFDBED2ACF33450085B01A /* MyIPInfoApp.swift */ = {isa = PBXFileReference; lastKnownFileType = sourcecode.swift; path = MyIPInfoApp.swift; sourceTree = "<group>"; };
		27CFDBEF2ACF33450085B01A /* ContentView.swift */ = {isa = PBXFileReference; lastKnownFileType = sourcecode.swift; path = ContentView.swift; sourceTree = "<group>"; };
		27CFDBF12ACF33470085B01A /* Assets.xcassets */ = {isa = PBXFileReference; lastKnownFileType = folder.assetcatalog; path = Assets.xcassets; sourceTree = "<group>"; };
		27CFDBF42ACF33470085B01A /* Preview Assets.xcassets */ = {isa = PBXFileReference; lastKnownFileType = folder.assetcatalog; path = "Preview Assets.xcassets"; sourceTree = "<group>"; };
		27CFDBFD2ACF33830085B01A /* IPInfoModel.swift */ = {isa = PBXFileReference; lastKnownFileType = sourcecode.swift; path = IPInfoModel.swift; sourceTree = "<group>"; };
		27CFDC002ACF34AA0085B01A /* MyIPData.swift */ = {isa = PBXFileReference; lastKnownFileType = sourcecode.swift; path = MyIPData.swift; sourceTree = "<group>"; };
		27CFDC032ACF350E0085B01A /* NetworkConstants.swift */ = {isa = PBXFileReference; lastKnownFileType = sourcecode.swift; path = NetworkConstants.swift; sourceTree = "<group>"; };
		27CFDC212ACFB73D0085B01A /* Info.plist */ = {isa = PBXFileReference; lastKnownFileType = text.plist; path = Info.plist; sourceTree = "<group>"; };
		27CFDC222ACFC7370085B01A /* DataLoadingView.swift */ = {isa = PBXFileReference; lastKnownFileType = sourcecode.swift; path = DataLoadingView.swift; sourceTree = "<group>"; };
		27CFDC242ACFC7A30085B01A /* ErrorLoadingDataView.swift */ = {isa = PBXFileReference; lastKnownFileType = sourcecode.swift; path = ErrorLoadingDataView.swift; sourceTree = "<group>"; };
		27CFDC262ACFC8190085B01A /* DataLoadedView.swift */ = {isa = PBXFileReference; lastKnownFileType = sourcecode.swift; path = DataLoadedView.swift; sourceTree = "<group>"; };
		27CFDC282ACFCDFA0085B01A /* BackgroundView.swift */ = {isa = PBXFileReference; lastKnownFileType = sourcecode.swift; path = BackgroundView.swift; sourceTree = "<group>"; };
/* End PBXFileReference section */

/* Begin PBXFrameworksBuildPhase section */
		27CFDBE72ACF33450085B01A /* Frameworks */ = {
			isa = PBXFrameworksBuildPhase;
			buildActionMask = 2147483647;
			files = (
			);
			runOnlyForDeploymentPostprocessing = 0;
		};
/* End PBXFrameworksBuildPhase section */

/* Begin PBXGroup section */
		27CFDBE12ACF33450085B01A = {
			isa = PBXGroup;
			children = (
				27CFDBEC2ACF33450085B01A /* MyIPInfo */,
				27CFDBEB2ACF33450085B01A /* Products */,
			);
			sourceTree = "<group>";
		};
		27CFDBEB2ACF33450085B01A /* Products */ = {
			isa = PBXGroup;
			children = (
				27CFDBEA2ACF33450085B01A /* MyIPInfo.app */,
			);
			name = Products;
			sourceTree = "<group>";
		};
		27CFDBEC2ACF33450085B01A /* MyIPInfo */ = {
			isa = PBXGroup;
			children = (
				27CFDC212ACFB73D0085B01A /* Info.plist */,
				27CFDC022ACF34FC0085B01A /* Constants */,
				27CFDBFF2ACF347D0085B01A /* Data */,
				27CFDBFC2ACF336F0085B01A /* Models */,
				27CFDBFB2ACF33510085B01A /* Views */,
				27CFDBED2ACF33450085B01A /* MyIPInfoApp.swift */,
				27CFDBEF2ACF33450085B01A /* ContentView.swift */,
				27CFDBF12ACF33470085B01A /* Assets.xcassets */,
				27CFDBF32ACF33470085B01A /* Preview Content */,
			);
			path = MyIPInfo;
			sourceTree = "<group>";
		};
		27CFDBF32ACF33470085B01A /* Preview Content */ = {
			isa = PBXGroup;
			children = (
				27CFDBF42ACF33470085B01A /* Preview Assets.xcassets */,
			);
			path = "Preview Content";
			sourceTree = "<group>";
		};
		27CFDBFB2ACF33510085B01A /* Views */ = {
			isa = PBXGroup;
			children = (
				27CFDC222ACFC7370085B01A /* DataLoadingView.swift */,
				27CFDC242ACFC7A30085B01A /* ErrorLoadingDataView.swift */,
				27CFDC262ACFC8190085B01A /* DataLoadedView.swift */,
				27CFDC282ACFCDFA0085B01A /* BackgroundView.swift */,
			);
			path = Views;
			sourceTree = "<group>";
		};
		27CFDBFC2ACF336F0085B01A /* Models */ = {
			isa = PBXGroup;
			children = (
				27CFDBFD2ACF33830085B01A /* IPInfoModel.swift */,
			);
			path = Models;
			sourceTree = "<group>";
		};
		27CFDBFF2ACF347D0085B01A /* Data */ = {
			isa = PBXGroup;
			children = (
				27CFDC002ACF34AA0085B01A /* MyIPData.swift */,
			);
			path = Data;
			sourceTree = "<group>";
		};
		27CFDC022ACF34FC0085B01A /* Constants */ = {
			isa = PBXGroup;
			children = (
				27CFDC032ACF350E0085B01A /* NetworkConstants.swift */,
			);
			path = Constants;
			sourceTree = "<group>";
		};
/* End PBXGroup section */

/* Begin PBXNativeTarget section */
		27CFDBE92ACF33450085B01A /* MyIPInfo */ = {
			isa = PBXNativeTarget;
			buildConfigurationList = 27CFDBF82ACF33470085B01A /* Build configuration list for PBXNativeTarget "MyIPInfo" */;
			buildPhases = (
				27CFDBE62ACF33450085B01A /* Sources */,
				27CFDBE72ACF33450085B01A /* Frameworks */,
				27CFDBE82ACF33450085B01A /* Resources */,
			);
			buildRules = (
			);
			dependencies = (
			);
			name = MyIPInfo;
			productName = MyIPInfo;
			productReference = 27CFDBEA2ACF33450085B01A /* MyIPInfo.app */;
			productType = "com.apple.product-type.application";
		};
/* End PBXNativeTarget section */

/* Begin PBXProject section */
		27CFDBE22ACF33450085B01A /* Project object */ = {
			isa = PBXProject;
			attributes = {
				BuildIndependentTargetsInParallel = 1;
				LastSwiftUpdateCheck = 1500;
				LastUpgradeCheck = 1500;
				TargetAttributes = {
					27CFDBE92ACF33450085B01A = {
						CreatedOnToolsVersion = 15.0;
					};
				};
			};
			buildConfigurationList = 27CFDBE52ACF33450085B01A /* Build configuration list for PBXProject "MyIPInfo" */;
			compatibilityVersion = "Xcode 14.0";
			developmentRegion = en;
			hasScannedForEncodings = 0;
			knownRegions = (
				en,
				Base,
			);
			mainGroup = 27CFDBE12ACF33450085B01A;
			productRefGroup = 27CFDBEB2ACF33450085B01A /* Products */;
			projectDirPath = "";
			projectRoot = "";
			targets = (
				27CFDBE92ACF33450085B01A /* MyIPInfo */,
			);
		};
/* End PBXProject section */

/* Begin PBXResourcesBuildPhase section */
		27CFDBE82ACF33450085B01A /* Resources */ = {
			isa = PBXResourcesBuildPhase;
			buildActionMask = 2147483647;
			files = (
				27CFDBF52ACF33470085B01A /* Preview Assets.xcassets in Resources */,
				27CFDBF22ACF33470085B01A /* Assets.xcassets in Resources */,
			);
			runOnlyForDeploymentPostprocessing = 0;
		};
/* End PBXResourcesBuildPhase section */

/* Begin PBXSourcesBuildPhase section */
		27CFDBE62ACF33450085B01A /* Sources */ = {
			isa = PBXSourcesBuildPhase;
			buildActionMask = 2147483647;
			files = (
				27CFDC292ACFCDFA0085B01A /* BackgroundView.swift in Sources */,
				27CFDBF02ACF33450085B01A /* ContentView.swift in Sources */,
				27CFDC232ACFC7370085B01A /* DataLoadingView.swift in Sources */,
				27CFDBEE2ACF33450085B01A /* MyIPInfoApp.swift in Sources */,
				27CFDC042ACF350E0085B01A /* NetworkConstants.swift in Sources */,
				27CFDC252ACFC7A30085B01A /* ErrorLoadingDataView.swift in Sources */,
				27CFDC272ACFC8190085B01A /* DataLoadedView.swift in Sources */,
				27CFDC012ACF34AA0085B01A /* MyIPData.swift in Sources */,
				27CFDBFE2ACF33830085B01A /* IPInfoModel.swift in Sources */,
			);
			runOnlyForDeploymentPostprocessing = 0;
		};
/* End PBXSourcesBuildPhase section */

/* Begin XCBuildConfiguration section */
		27CFDBF62ACF33470085B01A /* Debug */ = {
			isa = XCBuildConfiguration;
			buildSettings = {
				ALWAYS_SEARCH_USER_PATHS = NO;
				ASSETCATALOG_COMPILER_GENERATE_SWIFT_ASSET_SYMBOL_EXTENSIONS = YES;
				CLANG_ANALYZER_NONNULL = YES;
				CLANG_ANALYZER_NUMBER_OBJECT_CONVERSION = YES_AGGRESSIVE;
				CLANG_CXX_LANGUAGE_STANDARD = "gnu++20";
				CLANG_ENABLE_MODULES = YES;
				CLANG_ENABLE_OBJC_ARC = YES;
				CLANG_ENABLE_OBJC_WEAK = YES;
				CLANG_WARN_BLOCK_CAPTURE_AUTORELEASING = YES;
				CLANG_WARN_BOOL_CONVERSION = YES;
				CLANG_WARN_COMMA = YES;
				CLANG_WARN_CONSTANT_CONVERSION = YES;
				CLANG_WARN_DEPRECATED_OBJC_IMPLEMENTATIONS = YES;
				CLANG_WARN_DIRECT_OBJC_ISA_USAGE = YES_ERROR;
				CLANG_WARN_DOCUMENTATION_COMMENTS = YES;
				CLANG_WARN_EMPTY_BODY = YES;
				CLANG_WARN_ENUM_CONVERSION = YES;
				CLANG_WARN_INFINITE_RECURSION = YES;
				CLANG_WARN_INT_CONVERSION = YES;
				CLANG_WARN_NON_LITERAL_NULL_CONVERSION = YES;
				CLANG_WARN_OBJC_IMPLICIT_RETAIN_SELF = YES;
				CLANG_WARN_OBJC_LITERAL_CONVERSION = YES;
				CLANG_WARN_OBJC_ROOT_CLASS = YES_ERROR;
				CLANG_WARN_QUOTED_INCLUDE_IN_FRAMEWORK_HEADER = YES;
				CLANG_WARN_RANGE_LOOP_ANALYSIS = YES;
				CLANG_WARN_STRICT_PROTOTYPES = YES;
				CLANG_WARN_SUSPICIOUS_MOVE = YES;
				CLANG_WARN_UNGUARDED_AVAILABILITY = YES_AGGRESSIVE;
				CLANG_WARN_UNREACHABLE_CODE = YES;
				CLANG_WARN__DUPLICATE_METHOD_MATCH = YES;
				COPY_PHASE_STRIP = NO;
				DEBUG_INFORMATION_FORMAT = dwarf;
				ENABLE_STRICT_OBJC_MSGSEND = YES;
				ENABLE_TESTABILITY = YES;
				ENABLE_USER_SCRIPT_SANDBOXING = YES;
				GCC_C_LANGUAGE_STANDARD = gnu17;
				GCC_DYNAMIC_NO_PIC = NO;
				GCC_NO_COMMON_BLOCKS = YES;
				GCC_OPTIMIZATION_LEVEL = 0;
				GCC_PREPROCESSOR_DEFINITIONS = (
					"DEBUG=1",
					"$(inherited)",
				);
				GCC_WARN_64_TO_32_BIT_CONVERSION = YES;
				GCC_WARN_ABOUT_RETURN_TYPE = YES_ERROR;
				GCC_WARN_UNDECLARED_SELECTOR = YES;
				GCC_WARN_UNINITIALIZED_AUTOS = YES_AGGRESSIVE;
				GCC_WARN_UNUSED_FUNCTION = YES;
				GCC_WARN_UNUSED_VARIABLE = YES;
				IPHONEOS_DEPLOYMENT_TARGET = 17.0;
				LOCALIZATION_PREFERS_STRING_CATALOGS = YES;
				MTL_ENABLE_DEBUG_INFO = INCLUDE_SOURCE;
				MTL_FAST_MATH = YES;
				ONLY_ACTIVE_ARCH = YES;
				SDKROOT = iphoneos;
				SWIFT_ACTIVE_COMPILATION_CONDITIONS = "DEBUG $(inherited)";
				SWIFT_OPTIMIZATION_LEVEL = "-Onone";
			};
			name = Debug;
		};
		27CFDBF72ACF33470085B01A /* Release */ = {
			isa = XCBuildConfiguration;
			buildSettings = {
				ALWAYS_SEARCH_USER_PATHS = NO;
				ASSETCATALOG_COMPILER_GENERATE_SWIFT_ASSET_SYMBOL_EXTENSIONS = YES;
				CLANG_ANALYZER_NONNULL = YES;
				CLANG_ANALYZER_NUMBER_OBJECT_CONVERSION = YES_AGGRESSIVE;
				CLANG_CXX_LANGUAGE_STANDARD = "gnu++20";
				CLANG_ENABLE_MODULES = YES;
				CLANG_ENABLE_OBJC_ARC = YES;
				CLANG_ENABLE_OBJC_WEAK = YES;
				CLANG_WARN_BLOCK_CAPTURE_AUTORELEASING = YES;
				CLANG_WARN_BOOL_CONVERSION = YES;
				CLANG_WARN_COMMA = YES;
				CLANG_WARN_CONSTANT_CONVERSION = YES;
				CLANG_WARN_DEPRECATED_OBJC_IMPLEMENTATIONS = YES;
				CLANG_WARN_DIRECT_OBJC_ISA_USAGE = YES_ERROR;
				CLANG_WARN_DOCUMENTATION_COMMENTS = YES;
				CLANG_WARN_EMPTY_BODY = YES;
				CLANG_WARN_ENUM_CONVERSION = YES;
				CLANG_WARN_INFINITE_RECURSION = YES;
				CLANG_WARN_INT_CONVERSION = YES;
				CLANG_WARN_NON_LITERAL_NULL_CONVERSION = YES;
				CLANG_WARN_OBJC_IMPLICIT_RETAIN_SELF = YES;
				CLANG_WARN_OBJC_LITERAL_CONVERSION = YES;
				CLANG_WARN_OBJC_ROOT_CLASS = YES_ERROR;
				CLANG_WARN_QUOTED_INCLUDE_IN_FRAMEWORK_HEADER = YES;
				CLANG_WARN_RANGE_LOOP_ANALYSIS = YES;
				CLANG_WARN_STRICT_PROTOTYPES = YES;
				CLANG_WARN_SUSPICIOUS_MOVE = YES;
				CLANG_WARN_UNGUARDED_AVAILABILITY = YES_AGGRESSIVE;
				CLANG_WARN_UNREACHABLE_CODE = YES;
				CLANG_WARN__DUPLICATE_METHOD_MATCH = YES;
				COPY_PHASE_STRIP = NO;
				DEBUG_INFORMATION_FORMAT = "dwarf-with-dsym";
				ENABLE_NS_ASSERTIONS = NO;
				ENABLE_STRICT_OBJC_MSGSEND = YES;
				ENABLE_USER_SCRIPT_SANDBOXING = YES;
				GCC_C_LANGUAGE_STANDARD = gnu17;
				GCC_NO_COMMON_BLOCKS = YES;
				GCC_WARN_64_TO_32_BIT_CONVERSION = YES;
				GCC_WARN_ABOUT_RETURN_TYPE = YES_ERROR;
				GCC_WARN_UNDECLARED_SELECTOR = YES;
				GCC_WARN_UNINITIALIZED_AUTOS = YES_AGGRESSIVE;
				GCC_WARN_UNUSED_FUNCTION = YES;
				GCC_WARN_UNUSED_VARIABLE = YES;
				IPHONEOS_DEPLOYMENT_TARGET = 17.0;
				LOCALIZATION_PREFERS_STRING_CATALOGS = YES;
				MTL_ENABLE_DEBUG_INFO = NO;
				MTL_FAST_MATH = YES;
				SDKROOT = iphoneos;
				SWIFT_COMPILATION_MODE = wholemodule;
				VALIDATE_PRODUCT = YES;
			};
			name = Release;
		};
		27CFDBF92ACF33470085B01A /* Debug */ = {
			isa = XCBuildConfiguration;
			buildSettings = {
				ASSETCATALOG_COMPILER_APPICON_NAME = AppIcon;
				ASSETCATALOG_COMPILER_GLOBAL_ACCENT_COLOR_NAME = AccentColor;
				CODE_SIGN_STYLE = Automatic;
				CURRENT_PROJECT_VERSION = 1;
				DEVELOPMENT_ASSET_PATHS = "\"MyIPInfo/Preview Content\"";
				DEVELOPMENT_TEAM = "";
				ENABLE_PREVIEWS = YES;
				GENERATE_INFOPLIST_FILE = YES;
				INFOPLIST_FILE = MyIPInfo/Info.plist;
				INFOPLIST_KEY_UIApplicationSceneManifest_Generation = YES;
				INFOPLIST_KEY_UIApplicationSupportsIndirectInputEvents = YES;
				INFOPLIST_KEY_UILaunchScreen_Generation = YES;
				INFOPLIST_KEY_UISupportedInterfaceOrientations_iPad = "UIInterfaceOrientationPortrait UIInterfaceOrientationPortraitUpsideDown UIInterfaceOrientationLandscapeLeft UIInterfaceOrientationLandscapeRight";
				INFOPLIST_KEY_UISupportedInterfaceOrientations_iPhone = "UIInterfaceOrientationPortrait UIInterfaceOrientationLandscapeLeft UIInterfaceOrientationLandscapeRight";
				LD_RUNPATH_SEARCH_PATHS = (
					"$(inherited)",
					"@executable_path/Frameworks",
				);
				MARKETING_VERSION = 1.0;
				PRODUCT_BUNDLE_IDENTIFIER = com.awarself.MyIPInfo;
				PRODUCT_NAME = "$(TARGET_NAME)";
				SWIFT_EMIT_LOC_STRINGS = YES;
				SWIFT_VERSION = 5.0;
				TARGETED_DEVICE_FAMILY = "1,2";
			};
			name = Debug;
		};
		27CFDBFA2ACF33470085B01A /* Release */ = {
			isa = XCBuildConfiguration;
			buildSettings = {
				ASSETCATALOG_COMPILER_APPICON_NAME = AppIcon;
				ASSETCATALOG_COMPILER_GLOBAL_ACCENT_COLOR_NAME = AccentColor;
				CODE_SIGN_STYLE = Automatic;
				CURRENT_PROJECT_VERSION = 1;
				DEVELOPMENT_ASSET_PATHS = "\"MyIPInfo/Preview Content\"";
				DEVELOPMENT_TEAM = "";
				ENABLE_PREVIEWS = YES;
				GENERATE_INFOPLIST_FILE = YES;
				INFOPLIST_FILE = MyIPInfo/Info.plist;
				INFOPLIST_KEY_UIApplicationSceneManifest_Generation = YES;
				INFOPLIST_KEY_UIApplicationSupportsIndirectInputEvents = YES;
				INFOPLIST_KEY_UILaunchScreen_Generation = YES;
				INFOPLIST_KEY_UISupportedInterfaceOrientations_iPad = "UIInterfaceOrientationPortrait UIInterfaceOrientationPortraitUpsideDown UIInterfaceOrientationLandscapeLeft UIInterfaceOrientationLandscapeRight";
				INFOPLIST_KEY_UISupportedInterfaceOrientations_iPhone = "UIInterfaceOrientationPortrait UIInterfaceOrientationLandscapeLeft UIInterfaceOrientationLandscapeRight";
				LD_RUNPATH_SEARCH_PATHS = (
					"$(inherited)",
					"@executable_path/Frameworks",
				);
				MARKETING_VERSION = 1.0;
				PRODUCT_BUNDLE_IDENTIFIER = com.awarself.MyIPInfo;
				PRODUCT_NAME = "$(TARGET_NAME)";
				SWIFT_EMIT_LOC_STRINGS = YES;
				SWIFT_VERSION = 5.0;
				TARGETED_DEVICE_FAMILY = "1,2";
			};
			name = Release;
		};
/* End XCBuildConfiguration section */

/* Begin XCConfigurationList section */
		27CFDBE52ACF33450085B01A /* Build configuration list for PBXProject "MyIPInfo" */ = {
			isa = XCConfigurationList;
			buildConfigurations = (
				27CFDBF62ACF33470085B01A /* Debug */,
				27CFDBF72ACF33470085B01A /* Release */,
			);
			defaultConfigurationIsVisible = 0;
			defaultConfigurationName = Release;
		};
		27CFDBF82ACF33470085B01A /* Build configuration list for PBXNativeTarget "MyIPInfo" */ = {
			isa = XCConfigurationList;
			buildConfigurations = (
				27CFDBF92ACF33470085B01A /* Debug */,
				27CFDBFA2ACF33470085B01A /* Release */,
			);
			defaultConfigurationIsVisible = 0;
			defaultConfigurationName = Release;
		};
/* End XCConfigurationList section */
	};
	rootObject = 27CFDBE22ACF33450085B01A /* Project object */;
}
